
Microsoft Visual Studio Solution File, Format Version 12.00
# Visual Studio 15
VisualStudioVersion = 15.0.28307.852
MinimumVisualStudioVersion = 10.0.40219.1
Project("{FAE04EC0-301F-11D3-BF4B-00C04F79EFBC}") = "ListadoDeNumeros", "ListadoDeNumeros\ListadoDeNumeros.csproj", "{88119010-1C68-4FB6-9930-0B0373B85653}"
EndProject
Global
	GlobalSection(SolutionConfigurationPlatforms) = preSolution
		Debug|Any CPU = Debug|Any CPU
		Release|Any CPU = Release|Any CPU
	EndGlobalSection
	GlobalSection(ProjectConfigurationPlatforms) = postSolution
		{88119010-1C68-4FB6-9930-0B0373B85653}.Debug|Any CPU.ActiveCfg = Debug|Any CPU
		{88119010-1C68-4FB6-9930-0B0373B85653}.Debug|Any CPU.Build.0 = Debug|Any CPU
		{88119010-1C68-4FB6-9930-0B0373B85653}.Release|Any CPU.ActiveCfg = Release|Any CPU
		{88119010-1C68-4FB6-9930-0B0373B85653}.Release|Any CPU.Build.0 = Release|Any CPU
	EndGlobalSection
	GlobalSection(SolutionProperties) = preSolution
		HideSolutionNode = FALSE
	EndGlobalSection
	GlobalSection(ExtensibilityGlobals) = postSolution
		SolutionGuid = {DFFB1D22-EFE5-46BF-819B-95A75A9077AC}
	EndGlobalSection
EndGlobal
